
Microsoft Visual Studio Solution File, Format Version 12.00
# Visual Studio 2013
VisualStudioVersion = 12.0.21005.1
MinimumVisualStudioVersion = 10.0.40219.1
Project("{FAE04EC0-301F-11D3-BF4B-00C04F79EFBC}") = "Pairme", "Pairme\Pairme.csproj", "{1B56A7B9-1330-441A-B874-51855C547CCE}"
EndProject
Project("{FAE04EC0-301F-11D3-BF4B-00C04F79EFBC}") = "Pairme.Tests", "Pairme.Tests\Pairme.Tests.csproj", "{66008241-2729-4FB1-A98F-6C3D7C846400}"
EndProject
Global
	GlobalSection(SolutionConfigurationPlatforms) = preSolution
		Debug|Any CPU = Debug|Any CPU
		Release|Any CPU = Release|Any CPU
	EndGlobalSection
	GlobalSection(ProjectConfigurationPlatforms) = postSolution
		{1B56A7B9-1330-441A-B874-51855C547CCE}.Debug|Any CPU.ActiveCfg = Debug|Any CPU
		{1B56A7B9-1330-441A-B874-51855C547CCE}.Debug|Any CPU.Build.0 = Debug|Any CPU
		{1B56A7B9-1330-441A-B874-51855C547CCE}.Release|Any CPU.ActiveCfg = Release|Any CPU
		{1B56A7B9-1330-441A-B874-51855C547CCE}.Release|Any CPU.Build.0 = Release|Any CPU
		{66008241-2729-4FB1-A98F-6C3D7C846400}.Debug|Any CPU.ActiveCfg = Debug|Any CPU
		{66008241-2729-4FB1-A98F-6C3D7C846400}.Debug|Any CPU.Build.0 = Debug|Any CPU
		{66008241-2729-4FB1-A98F-6C3D7C846400}.Release|Any CPU.ActiveCfg = Release|Any CPU
		{66008241-2729-4FB1-A98F-6C3D7C846400}.Release|Any CPU.Build.0 = Release|Any CPU
	EndGlobalSection
	GlobalSection(SolutionProperties) = preSolution
		HideSolutionNode = FALSE
	EndGlobalSection
EndGlobal
